
Microsoft Visual Studio Solution File, Format Version 12.00
# Visual Studio Version 17
VisualStudioVersion = 17.9.34616.47
MinimumVisualStudioVersion = 10.0.40219.1
Project("{FAE04EC0-301F-11D3-BF4B-00C04F79EFBC}") = "UnequalConsecutiveCharacters", "UnequalConsecutiveCharacters.csproj", "{DDB00721-3692-45C5-8A5C-800EF0214904}"
EndProject
Project("{FAE04EC0-301F-11D3-BF4B-00C04F79EFBC}") = "UnequalConsecutiveCharacters.Tests", "..\UnequalConsecutiveCharacters.Tests\UnequalConsecutiveCharacters.Tests.csproj", "{D68BF948-FD6A-48AC-84D2-49953F845E02}"
EndProject
Global
	GlobalSection(SolutionConfigurationPlatforms) = preSolution
		Debug|Any CPU = Debug|Any CPU
		Release|Any CPU = Release|Any CPU
	EndGlobalSection
	GlobalSection(ProjectConfigurationPlatforms) = postSolution
		{DDB00721-3692-45C5-8A5C-800EF0214904}.Debug|Any CPU.ActiveCfg = Debug|Any CPU
		{DDB00721-3692-45C5-8A5C-800EF0214904}.Debug|Any CPU.Build.0 = Debug|Any CPU
		{DDB00721-3692-45C5-8A5C-800EF0214904}.Release|Any CPU.ActiveCfg = Release|Any CPU
		{DDB00721-3692-45C5-8A5C-800EF0214904}.Release|Any CPU.Build.0 = Release|Any CPU
		{D68BF948-FD6A-48AC-84D2-49953F845E02}.Debug|Any CPU.ActiveCfg = Debug|Any CPU
		{D68BF948-FD6A-48AC-84D2-49953F845E02}.Debug|Any CPU.Build.0 = Debug|Any CPU
		{D68BF948-FD6A-48AC-84D2-49953F845E02}.Release|Any CPU.ActiveCfg = Release|Any CPU
		{D68BF948-FD6A-48AC-84D2-49953F845E02}.Release|Any CPU.Build.0 = Release|Any CPU
	EndGlobalSection
	GlobalSection(SolutionProperties) = preSolution
		HideSolutionNode = FALSE
	EndGlobalSection
	GlobalSection(ExtensibilityGlobals) = postSolution
		SolutionGuid = {A9D32554-0BDF-44BB-964F-095946E5E3C3}
	EndGlobalSection
EndGlobal
